// !$*UTF8*$!
{
	archiveVersion = 1;
	classes = {
	};
	objectVersion = 50;
	objects = {

/* Begin PBXBuildFile section */
		B183A6872618F47B00E2CE70 /* MeetingHeaderView.swift in Sources */ = {isa = PBXBuildFile; fileRef = B183A6862618F47B00E2CE70 /* MeetingHeaderView.swift */; };
		B183A68D2618F6D600E2CE70 /* ScrumProgressViewStyle.swift in Sources */ = {isa = PBXBuildFile; fileRef = B183A68C2618F6D600E2CE70 /* ScrumProgressViewStyle.swift */; };
		B183A69A2618F7C400E2CE70 /* ScrumTimer.swift in Sources */ = {isa = PBXBuildFile; fileRef = B183A6992618F7C400E2CE70 /* ScrumTimer.swift */; };
		B183A6A72618FD5700E2CE70 /* MeetingFooterView.swift in Sources */ = {isa = PBXBuildFile; fileRef = B183A6A62618FD5700E2CE70 /* MeetingFooterView.swift */; };
		B183A6AF261900D300E2CE70 /* AVPlayer+Ding.swift in Sources */ = {isa = PBXBuildFile; fileRef = B183A6AE261900D300E2CE70 /* AVPlayer+Ding.swift */; };
		B183A6B4261900F500E2CE70 /* ding.wav in Resources */ = {isa = PBXBuildFile; fileRef = B183A6B3261900F500E2CE70 /* ding.wav */; };
		B183A6BE261904BA00E2CE70 /* History.swift in Sources */ = {isa = PBXBuildFile; fileRef = B183A6BD261904BA00E2CE70 /* History.swift */; };
		B183A6C82619056C00E2CE70 /* MeetingInfoSectionView.swift in Sources */ = {isa = PBXBuildFile; fileRef = B183A6C72619056C00E2CE70 /* MeetingInfoSectionView.swift */; };
		B183A6D0261905BE00E2CE70 /* AttendeesSectionView.swift in Sources */ = {isa = PBXBuildFile; fileRef = B183A6CF261905BE00E2CE70 /* AttendeesSectionView.swift */; };
		B183A6D5261905F500E2CE70 /* HistorySectionView.swift in Sources */ = {isa = PBXBuildFile; fileRef = B183A6D4261905F500E2CE70 /* HistorySectionView.swift */; };
		B1AA4F81260FB94A005CE04D /* DetailView.swift in Sources */ = {isa = PBXBuildFile; fileRef = B1AA4F80260FB94A005CE04D /* DetailView.swift */; };
		B1CAF31C2607D82600BBE6B6 /* ScrumsView.swift in Sources */ = {isa = PBXBuildFile; fileRef = B1CAF31B2607D82600BBE6B6 /* ScrumsView.swift */; };
		B1CB3690261112F4006D683D /* EditView.swift in Sources */ = {isa = PBXBuildFile; fileRef = B1CB368F261112F4006D683D /* EditView.swift */; };
		B1F366BB2607C0F200D3B660 /* ScrumdingerApp.swift in Sources */ = {isa = PBXBuildFile; fileRef = B1F366BA2607C0F200D3B660 /* ScrumdingerApp.swift */; };
		B1F366BD2607C0F200D3B660 /* MeetingView.swift in Sources */ = {isa = PBXBuildFile; fileRef = B1F366BC2607C0F200D3B660 /* MeetingView.swift */; };
		B1F366BF2607C0F300D3B660 /* Assets.xcassets in Resources */ = {isa = PBXBuildFile; fileRef = B1F366BE2607C0F300D3B660 /* Assets.xcassets */; };
		B1F366C22607C0F300D3B660 /* Preview Assets.xcassets in Resources */ = {isa = PBXBuildFile; fileRef = B1F366C12607C0F300D3B660 /* Preview Assets.xcassets */; };
		B1F366CD2607C0F300D3B660 /* ScrumdingerTests.swift in Sources */ = {isa = PBXBuildFile; fileRef = B1F366CC2607C0F300D3B660 /* ScrumdingerTests.swift */; };
		B1F366D82607C0F300D3B660 /* ScrumdingerUITests.swift in Sources */ = {isa = PBXBuildFile; fileRef = B1F366D72607C0F300D3B660 /* ScrumdingerUITests.swift */; };
		B1F366EF2607CCC500D3B660 /* DailyScrum.swift in Sources */ = {isa = PBXBuildFile; fileRef = B1F366EE2607CCC500D3B660 /* DailyScrum.swift */; };
		B1F366F42607CD6A00D3B660 /* CardView.swift in Sources */ = {isa = PBXBuildFile; fileRef = B1F366F32607CD6A00D3B660 /* CardView.swift */; };
		B1F366FF2607D05700D3B660 /* Color+Codable.swift in Sources */ = {isa = PBXBuildFile; fileRef = B1F366FE2607D05700D3B660 /* Color+Codable.swift */; };
/* End PBXBuildFile section */

/* Begin PBXContainerItemProxy section */
		B1F366C92607C0F300D3B660 /* PBXContainerItemProxy */ = {
			isa = PBXContainerItemProxy;
			containerPortal = B1F366AF2607C0F200D3B660 /* Project object */;
			proxyType = 1;
			remoteGlobalIDString = B1F366B62607C0F200D3B660;
			remoteInfo = Scrumdinger;
		};
		B1F366D42607C0F300D3B660 /* PBXContainerItemProxy */ = {
			isa = PBXContainerItemProxy;
			containerPortal = B1F366AF2607C0F200D3B660 /* Project object */;
			proxyType = 1;
			remoteGlobalIDString = B1F366B62607C0F200D3B660;
			remoteInfo = Scrumdinger;
		};
/* End PBXContainerItemProxy section */

/* Begin PBXFileReference section */
		B183A6862618F47B00E2CE70 /* MeetingHeaderView.swift */ = {isa = PBXFileReference; lastKnownFileType = sourcecode.swift; path = MeetingHeaderView.swift; sourceTree = "<group>"; };
		B183A68C2618F6D600E2CE70 /* ScrumProgressViewStyle.swift */ = {isa = PBXFileReference; lastKnownFileType = sourcecode.swift; path = ScrumProgressViewStyle.swift; sourceTree = "<group>"; };
		B183A6992618F7C400E2CE70 /* ScrumTimer.swift */ = {isa = PBXFileReference; lastKnownFileType = sourcecode.swift; path = ScrumTimer.swift; sourceTree = "<group>"; };
		B183A6A62618FD5700E2CE70 /* MeetingFooterView.swift */ = {isa = PBXFileReference; lastKnownFileType = sourcecode.swift; path = MeetingFooterView.swift; sourceTree = "<group>"; };
		B183A6AE261900D300E2CE70 /* AVPlayer+Ding.swift */ = {isa = PBXFileReference; lastKnownFileType = sourcecode.swift; path = "AVPlayer+Ding.swift"; sourceTree = "<group>"; };
		B183A6B3261900F500E2CE70 /* ding.wav */ = {isa = PBXFileReference; lastKnownFileType = audio.wav; path = ding.wav; sourceTree = "<group>"; };
		B183A6BD261904BA00E2CE70 /* History.swift */ = {isa = PBXFileReference; lastKnownFileType = sourcecode.swift; path = History.swift; sourceTree = "<group>"; };
		B183A6C72619056C00E2CE70 /* MeetingInfoSectionView.swift */ = {isa = PBXFileReference; lastKnownFileType = sourcecode.swift; path = MeetingInfoSectionView.swift; sourceTree = "<group>"; };
		B183A6CF261905BE00E2CE70 /* AttendeesSectionView.swift */ = {isa = PBXFileReference; lastKnownFileType = sourcecode.swift; path = AttendeesSectionView.swift; sourceTree = "<group>"; };
		B183A6D4261905F500E2CE70 /* HistorySectionView.swift */ = {isa = PBXFileReference; lastKnownFileType = sourcecode.swift; path = HistorySectionView.swift; sourceTree = "<group>"; };
		B1AA4F80260FB94A005CE04D /* DetailView.swift */ = {isa = PBXFileReference; lastKnownFileType = sourcecode.swift; path = DetailView.swift; sourceTree = "<group>"; };
		B1CAF31B2607D82600BBE6B6 /* ScrumsView.swift */ = {isa = PBXFileReference; lastKnownFileType = sourcecode.swift; path = ScrumsView.swift; sourceTree = "<group>"; };
		B1CB368F261112F4006D683D /* EditView.swift */ = {isa = PBXFileReference; lastKnownFileType = sourcecode.swift; path = EditView.swift; sourceTree = "<group>"; };
		B1F366B72607C0F200D3B660 /* Scrumdinger.app */ = {isa = PBXFileReference; explicitFileType = wrapper.application; includeInIndex = 0; path = Scrumdinger.app; sourceTree = BUILT_PRODUCTS_DIR; };
		B1F366BA2607C0F200D3B660 /* ScrumdingerApp.swift */ = {isa = PBXFileReference; lastKnownFileType = sourcecode.swift; path = ScrumdingerApp.swift; sourceTree = "<group>"; };
		B1F366BC2607C0F200D3B660 /* MeetingView.swift */ = {isa = PBXFileReference; lastKnownFileType = sourcecode.swift; path = MeetingView.swift; sourceTree = "<group>"; };
		B1F366BE2607C0F300D3B660 /* Assets.xcassets */ = {isa = PBXFileReference; lastKnownFileType = folder.assetcatalog; path = Assets.xcassets; sourceTree = "<group>"; };
		B1F366C12607C0F300D3B660 /* Preview Assets.xcassets */ = {isa = PBXFileReference; lastKnownFileType = folder.assetcatalog; path = "Preview Assets.xcassets"; sourceTree = "<group>"; };
		B1F366C32607C0F300D3B660 /* Info.plist */ = {isa = PBXFileReference; lastKnownFileType = text.plist.xml; path = Info.plist; sourceTree = "<group>"; };
		B1F366C82607C0F300D3B660 /* ScrumdingerTests.xctest */ = {isa = PBXFileReference; explicitFileType = wrapper.cfbundle; includeInIndex = 0; path = ScrumdingerTests.xctest; sourceTree = BUILT_PRODUCTS_DIR; };
		B1F366CC2607C0F300D3B660 /* ScrumdingerTests.swift */ = {isa = PBXFileReference; lastKnownFileType = sourcecode.swift; path = ScrumdingerTests.swift; sourceTree = "<group>"; };
		B1F366CE2607C0F300D3B660 /* Info.plist */ = {isa = PBXFileReference; lastKnownFileType = text.plist.xml; path = Info.plist; sourceTree = "<group>"; };
		B1F366D32607C0F300D3B660 /* ScrumdingerUITests.xctest */ = {isa = PBXFileReference; explicitFileType = wrapper.cfbundle; includeInIndex = 0; path = ScrumdingerUITests.xctest; sourceTree = BUILT_PRODUCTS_DIR; };
		B1F366D72607C0F300D3B660 /* ScrumdingerUITests.swift */ = {isa = PBXFileReference; lastKnownFileType = sourcecode.swift; path = ScrumdingerUITests.swift; sourceTree = "<group>"; };
		B1F366D92607C0F300D3B660 /* Info.plist */ = {isa = PBXFileReference; lastKnownFileType = text.plist.xml; path = Info.plist; sourceTree = "<group>"; };
		B1F366EE2607CCC500D3B660 /* DailyScrum.swift */ = {isa = PBXFileReference; lastKnownFileType = sourcecode.swift; path = DailyScrum.swift; sourceTree = "<group>"; };
		B1F366F32607CD6A00D3B660 /* CardView.swift */ = {isa = PBXFileReference; lastKnownFileType = sourcecode.swift; path = CardView.swift; sourceTree = "<group>"; };
		B1F366FE2607D05700D3B660 /* Color+Codable.swift */ = {isa = PBXFileReference; lastKnownFileType = sourcecode.swift; path = "Color+Codable.swift"; sourceTree = "<group>"; };
/* End PBXFileReference section */

/* Begin PBXFrameworksBuildPhase section */
		B1F366B42607C0F200D3B660 /* Frameworks */ = {
			isa = PBXFrameworksBuildPhase;
			buildActionMask = 2147483647;
			files = (
			);
			runOnlyForDeploymentPostprocessing = 0;
		};
		B1F366C52607C0F300D3B660 /* Frameworks */ = {
			isa = PBXFrameworksBuildPhase;
			buildActionMask = 2147483647;
			files = (
			);
			runOnlyForDeploymentPostprocessing = 0;
		};
		B1F366D02607C0F300D3B660 /* Frameworks */ = {
			isa = PBXFrameworksBuildPhase;
			buildActionMask = 2147483647;
			files = (
			);
			runOnlyForDeploymentPostprocessing = 0;
		};
/* End PBXFrameworksBuildPhase section */

/* Begin PBXGroup section */
		B183A6912618F6DA00E2CE70 /* Styles */ = {
			isa = PBXGroup;
			children = (
				B183A68C2618F6D600E2CE70 /* ScrumProgressViewStyle.swift */,
			);
			path = Styles;
			sourceTree = "<group>";
		};
		B183A6982618F7A200E2CE70 /* Entities */ = {
			isa = PBXGroup;
			children = (
				B183A6992618F7C400E2CE70 /* ScrumTimer.swift */,
			);
			path = Entities;
			sourceTree = "<group>";
		};
		B183A6A12618FD3800E2CE70 /* Meeting */ = {
			isa = PBXGroup;
			children = (
				B183A6A52618FD4300E2CE70 /* CustomViews */,
				B1F366BC2607C0F200D3B660 /* MeetingView.swift */,
			);
			path = Meeting;
			sourceTree = "<group>";
		};
		B183A6A52618FD4300E2CE70 /* CustomViews */ = {
			isa = PBXGroup;
			children = (
				B183A6862618F47B00E2CE70 /* MeetingHeaderView.swift */,
				B183A6A62618FD5700E2CE70 /* MeetingFooterView.swift */,
			);
			path = CustomViews;
			sourceTree = "<group>";
		};
		B183A6B82619026800E2CE70 /* ScrumsList */ = {
			isa = PBXGroup;
			children = (
				B1CAF31B2607D82600BBE6B6 /* ScrumsView.swift */,
			);
			path = ScrumsList;
			sourceTree = "<group>";
		};
		B183A6C22619053E00E2CE70 /* ScrumDetail */ = {
			isa = PBXGroup;
			children = (
				B183A6C62619054900E2CE70 /* CustomViews */,
				B1AA4F80260FB94A005CE04D /* DetailView.swift */,
			);
			path = ScrumDetail;
			sourceTree = "<group>";
		};
		B183A6C62619054900E2CE70 /* CustomViews */ = {
			isa = PBXGroup;
			children = (
				B183A6C72619056C00E2CE70 /* MeetingInfoSectionView.swift */,
				B183A6CF261905BE00E2CE70 /* AttendeesSectionView.swift */,
				B183A6D4261905F500E2CE70 /* HistorySectionView.swift */,
			);
			path = CustomViews;
			sourceTree = "<group>";
		};
		B1985C4B2607D5AE001EED10 /* Helpers */ = {
			isa = PBXGroup;
			children = (
				B183A6982618F7A200E2CE70 /* Entities */,
				B1985C4C2607D5B4001EED10 /* Extensions */,
				B183A6912618F6DA00E2CE70 /* Styles */,
			);
			path = Helpers;
			sourceTree = "<group>";
		};
		B1985C4C2607D5B4001EED10 /* Extensions */ = {
			isa = PBXGroup;
			children = (
				B1F366FE2607D05700D3B660 /* Color+Codable.swift */,
				B183A6AE261900D300E2CE70 /* AVPlayer+Ding.swift */,
			);
			path = Extensions;
			sourceTree = "<group>";
		};
		B1F366AE2607C0F200D3B660 = {
			isa = PBXGroup;
			children = (
				B1F366B92607C0F200D3B660 /* Scrumdinger */,
				B1F366CB2607C0F300D3B660 /* ScrumdingerTests */,
				B1F366D62607C0F300D3B660 /* ScrumdingerUITests */,
				B1F366B82607C0F200D3B660 /* Products */,
			);
			sourceTree = "<group>";
		};
		B1F366B82607C0F200D3B660 /* Products */ = {
			isa = PBXGroup;
			children = (
				B1F366B72607C0F200D3B660 /* Scrumdinger.app */,
				B1F366C82607C0F300D3B660 /* ScrumdingerTests.xctest */,
				B1F366D32607C0F300D3B660 /* ScrumdingerUITests.xctest */,
			);
			name = Products;
			sourceTree = "<group>";
		};
		B1F366B92607C0F200D3B660 /* Scrumdinger */ = {
			isa = PBXGroup;
			children = (
				B1F367142607D33500D3B660 /* Application */,
				B1985C4B2607D5AE001EED10 /* Helpers */,
				B1F3670C2607D2B400D3B660 /* Models */,
				B1F367132607D32900D3B660 /* Resources */,
				B1F367182607D34300D3B660 /* Scenes */,
				B1F366C02607C0F300D3B660 /* Preview Content */,
			);
			path = Scrumdinger;
			sourceTree = "<group>";
		};
		B1F366C02607C0F300D3B660 /* Preview Content */ = {
			isa = PBXGroup;
			children = (
				B1F366C12607C0F300D3B660 /* Preview Assets.xcassets */,
			);
			path = "Preview Content";
			sourceTree = "<group>";
		};
		B1F366CB2607C0F300D3B660 /* ScrumdingerTests */ = {
			isa = PBXGroup;
			children = (
				B1F366CC2607C0F300D3B660 /* ScrumdingerTests.swift */,
				B1F366CE2607C0F300D3B660 /* Info.plist */,
			);
			path = ScrumdingerTests;
			sourceTree = "<group>";
		};
		B1F366D62607C0F300D3B660 /* ScrumdingerUITests */ = {
			isa = PBXGroup;
			children = (
				B1F366D72607C0F300D3B660 /* ScrumdingerUITests.swift */,
				B1F366D92607C0F300D3B660 /* Info.plist */,
			);
			path = ScrumdingerUITests;
			sourceTree = "<group>";
		};
		B1F3670C2607D2B400D3B660 /* Models */ = {
			isa = PBXGroup;
			children = (
				B1F366EE2607CCC500D3B660 /* DailyScrum.swift */,
				B183A6BD261904BA00E2CE70 /* History.swift */,
			);
			path = Models;
			sourceTree = "<group>";
		};
		B1F367132607D32900D3B660 /* Resources */ = {
			isa = PBXGroup;
			children = (
				B183A6B3261900F500E2CE70 /* ding.wav */,
				B1F366BE2607C0F300D3B660 /* Assets.xcassets */,
			);
			path = Resources;
			sourceTree = "<group>";
		};
		B1F367142607D33500D3B660 /* Application */ = {
			isa = PBXGroup;
			children = (
				B1F366BA2607C0F200D3B660 /* ScrumdingerApp.swift */,
				B1F366C32607C0F300D3B660 /* Info.plist */,
			);
			path = Application;
			sourceTree = "<group>";
		};
		B1F367182607D34300D3B660 /* Scenes */ = {
			isa = PBXGroup;
			children = (
				B183A6A12618FD3800E2CE70 /* Meeting */,
				B183A6B82619026800E2CE70 /* ScrumsList */,
				B1F366F32607CD6A00D3B660 /* CardView.swift */,
				B183A6C22619053E00E2CE70 /* ScrumDetail */,
				B1CB368F261112F4006D683D /* EditView.swift */,
			);
			path = Scenes;
			sourceTree = "<group>";
		};
/* End PBXGroup section */

/* Begin PBXNativeTarget section */
		B1F366B62607C0F200D3B660 /* Scrumdinger */ = {
			isa = PBXNativeTarget;
			buildConfigurationList = B1F366DC2607C0F300D3B660 /* Build configuration list for PBXNativeTarget "Scrumdinger" */;
			buildPhases = (
				B1F366B32607C0F200D3B660 /* Sources */,
				B1F366B42607C0F200D3B660 /* Frameworks */,
				B1F366B52607C0F200D3B660 /* Resources */,
			);
			buildRules = (
			);
			dependencies = (
			);
			name = Scrumdinger;
			productName = Scrumdinger;
			productReference = B1F366B72607C0F200D3B660 /* Scrumdinger.app */;
			productType = "com.apple.product-type.application";
		};
		B1F366C72607C0F300D3B660 /* ScrumdingerTests */ = {
			isa = PBXNativeTarget;
			buildConfigurationList = B1F366DF2607C0F300D3B660 /* Build configuration list for PBXNativeTarget "ScrumdingerTests" */;
			buildPhases = (
				B1F366C42607C0F300D3B660 /* Sources */,
				B1F366C52607C0F300D3B660 /* Frameworks */,
				B1F366C62607C0F300D3B660 /* Resources */,
			);
			buildRules = (
			);
			dependencies = (
				B1F366CA2607C0F300D3B660 /* PBXTargetDependency */,
			);
			name = ScrumdingerTests;
			productName = ScrumdingerTests;
			productReference = B1F366C82607C0F300D3B660 /* ScrumdingerTests.xctest */;
			productType = "com.apple.product-type.bundle.unit-test";
		};
		B1F366D22607C0F300D3B660 /* ScrumdingerUITests */ = {
			isa = PBXNativeTarget;
			buildConfigurationList = B1F366E22607C0F300D3B660 /* Build configuration list for PBXNativeTarget "ScrumdingerUITests" */;
			buildPhases = (
				B1F366CF2607C0F300D3B660 /* Sources */,
				B1F366D02607C0F300D3B660 /* Frameworks */,
				B1F366D12607C0F300D3B660 /* Resources */,
			);
			buildRules = (
			);
			dependencies = (
				B1F366D52607C0F300D3B660 /* PBXTargetDependency */,
			);
			name = ScrumdingerUITests;
			productName = ScrumdingerUITests;
			productReference = B1F366D32607C0F300D3B660 /* ScrumdingerUITests.xctest */;
			productType = "com.apple.product-type.bundle.ui-testing";
		};
/* End PBXNativeTarget section */

/* Begin PBXProject section */
		B1F366AF2607C0F200D3B660 /* Project object */ = {
			isa = PBXProject;
			attributes = {
				LastSwiftUpdateCheck = 1240;
				LastUpgradeCheck = 1240;
				TargetAttributes = {
					B1F366B62607C0F200D3B660 = {
						CreatedOnToolsVersion = 12.4;
					};
					B1F366C72607C0F300D3B660 = {
						CreatedOnToolsVersion = 12.4;
						TestTargetID = B1F366B62607C0F200D3B660;
					};
					B1F366D22607C0F300D3B660 = {
						CreatedOnToolsVersion = 12.4;
						TestTargetID = B1F366B62607C0F200D3B660;
					};
				};
			};
			buildConfigurationList = B1F366B22607C0F200D3B660 /* Build configuration list for PBXProject "Scrumdinger" */;
			compatibilityVersion = "Xcode 9.3";
			developmentRegion = en;
			hasScannedForEncodings = 0;
			knownRegions = (
				en,
				Base,
			);
			mainGroup = B1F366AE2607C0F200D3B660;
			productRefGroup = B1F366B82607C0F200D3B660 /* Products */;
			projectDirPath = "";
			projectRoot = "";
			targets = (
				B1F366B62607C0F200D3B660 /* Scrumdinger */,
				B1F366C72607C0F300D3B660 /* ScrumdingerTests */,
				B1F366D22607C0F300D3B660 /* ScrumdingerUITests */,
			);
		};
/* End PBXProject section */

/* Begin PBXResourcesBuildPhase section */
		B1F366B52607C0F200D3B660 /* Resources */ = {
			isa = PBXResourcesBuildPhase;
			buildActionMask = 2147483647;
			files = (
				B183A6B4261900F500E2CE70 /* ding.wav in Resources */,
				B1F366C22607C0F300D3B660 /* Preview Assets.xcassets in Resources */,
				B1F366BF2607C0F300D3B660 /* Assets.xcassets in Resources */,
			);
			runOnlyForDeploymentPostprocessing = 0;
		};
		B1F366C62607C0F300D3B660 /* Resources */ = {
			isa = PBXResourcesBuildPhase;
			buildActionMask = 2147483647;
			files = (
			);
			runOnlyForDeploymentPostprocessing = 0;
		};
		B1F366D12607C0F300D3B660 /* Resources */ = {
			isa = PBXResourcesBuildPhase;
			buildActionMask = 2147483647;
			files = (
			);
			runOnlyForDeploymentPostprocessing = 0;
		};
/* End PBXResourcesBuildPhase section */

/* Begin PBXSourcesBuildPhase section */
		B1F366B32607C0F200D3B660 /* Sources */ = {
			isa = PBXSourcesBuildPhase;
			buildActionMask = 2147483647;
			files = (
				B1F366BD2607C0F200D3B660 /* MeetingView.swift in Sources */,
				B183A6D5261905F500E2CE70 /* HistorySectionView.swift in Sources */,
				B1CAF31C2607D82600BBE6B6 /* ScrumsView.swift in Sources */,
				B183A6D0261905BE00E2CE70 /* AttendeesSectionView.swift in Sources */,
				B183A6C82619056C00E2CE70 /* MeetingInfoSectionView.swift in Sources */,
				B183A6BE261904BA00E2CE70 /* History.swift in Sources */,
				B1CB3690261112F4006D683D /* EditView.swift in Sources */,
				B183A6AF261900D300E2CE70 /* AVPlayer+Ding.swift in Sources */,
				B183A6872618F47B00E2CE70 /* MeetingHeaderView.swift in Sources */,
				B1F366FF2607D05700D3B660 /* Color+Codable.swift in Sources */,
				B183A6A72618FD5700E2CE70 /* MeetingFooterView.swift in Sources */,
				B1AA4F81260FB94A005CE04D /* DetailView.swift in Sources */,
				B183A69A2618F7C400E2CE70 /* ScrumTimer.swift in Sources */,
				B1F366EF2607CCC500D3B660 /* DailyScrum.swift in Sources */,
				B1F366F42607CD6A00D3B660 /* CardView.swift in Sources */,
				B183A68D2618F6D600E2CE70 /* ScrumProgressViewStyle.swift in Sources */,
				B1F366BB2607C0F200D3B660 /* ScrumdingerApp.swift in Sources */,
			);
			runOnlyForDeploymentPostprocessing = 0;
		};
		B1F366C42607C0F300D3B660 /* Sources */ = {
			isa = PBXSourcesBuildPhase;
			buildActionMask = 2147483647;
			files = (
				B1F366CD2607C0F300D3B660 /* ScrumdingerTests.swift in Sources */,
			);
			runOnlyForDeploymentPostprocessing = 0;
		};
		B1F366CF2607C0F300D3B660 /* Sources */ = {
			isa = PBXSourcesBuildPhase;
			buildActionMask = 2147483647;
			files = (
				B1F366D82607C0F300D3B660 /* ScrumdingerUITests.swift in Sources */,
			);
			runOnlyForDeploymentPostprocessing = 0;
		};
/* End PBXSourcesBuildPhase section */

/* Begin PBXTargetDependency section */
		B1F366CA2607C0F300D3B660 /* PBXTargetDependency */ = {
			isa = PBXTargetDependency;
			target = B1F366B62607C0F200D3B660 /* Scrumdinger */;
			targetProxy = B1F366C92607C0F300D3B660 /* PBXContainerItemProxy */;
		};
		B1F366D52607C0F300D3B660 /* PBXTargetDependency */ = {
			isa = PBXTargetDependency;
			target = B1F366B62607C0F200D3B660 /* Scrumdinger */;
			targetProxy = B1F366D42607C0F300D3B660 /* PBXContainerItemProxy */;
		};
/* End PBXTargetDependency section */

/* Begin XCBuildConfiguration section */
		B1F366DA2607C0F300D3B660 /* Debug */ = {
			isa = XCBuildConfiguration;
			buildSettings = {
				ALWAYS_SEARCH_USER_PATHS = NO;
				CLANG_ANALYZER_NONNULL = YES;
				CLANG_ANALYZER_NUMBER_OBJECT_CONVERSION = YES_AGGRESSIVE;
				CLANG_CXX_LANGUAGE_STANDARD = "gnu++14";
				CLANG_CXX_LIBRARY = "libc++";
				CLANG_ENABLE_MODULES = YES;
				CLANG_ENABLE_OBJC_ARC = YES;
				CLANG_ENABLE_OBJC_WEAK = YES;
				CLANG_WARN_BLOCK_CAPTURE_AUTORELEASING = YES;
				CLANG_WARN_BOOL_CONVERSION = YES;
				CLANG_WARN_COMMA = YES;
				CLANG_WARN_CONSTANT_CONVERSION = YES;
				CLANG_WARN_DEPRECATED_OBJC_IMPLEMENTATIONS = YES;
				CLANG_WARN_DIRECT_OBJC_ISA_USAGE = YES_ERROR;
				CLANG_WARN_DOCUMENTATION_COMMENTS = YES;
				CLANG_WARN_EMPTY_BODY = YES;
				CLANG_WARN_ENUM_CONVERSION = YES;
				CLANG_WARN_INFINITE_RECURSION = YES;
				CLANG_WARN_INT_CONVERSION = YES;
				CLANG_WARN_NON_LITERAL_NULL_CONVERSION = YES;
				CLANG_WARN_OBJC_IMPLICIT_RETAIN_SELF = YES;
				CLANG_WARN_OBJC_LITERAL_CONVERSION = YES;
				CLANG_WARN_OBJC_ROOT_CLASS = YES_ERROR;
				CLANG_WARN_QUOTED_INCLUDE_IN_FRAMEWORK_HEADER = YES;
				CLANG_WARN_RANGE_LOOP_ANALYSIS = YES;
				CLANG_WARN_STRICT_PROTOTYPES = YES;
				CLANG_WARN_SUSPICIOUS_MOVE = YES;
				CLANG_WARN_UNGUARDED_AVAILABILITY = YES_AGGRESSIVE;
				CLANG_WARN_UNREACHABLE_CODE = YES;
				CLANG_WARN__DUPLICATE_METHOD_MATCH = YES;
				COPY_PHASE_STRIP = NO;
				DEBUG_INFORMATION_FORMAT = dwarf;
				ENABLE_STRICT_OBJC_MSGSEND = YES;
				ENABLE_TESTABILITY = YES;
				GCC_C_LANGUAGE_STANDARD = gnu11;
				GCC_DYNAMIC_NO_PIC = NO;
				GCC_NO_COMMON_BLOCKS = YES;
				GCC_OPTIMIZATION_LEVEL = 0;
				GCC_PREPROCESSOR_DEFINITIONS = (
					"DEBUG=1",
					"$(inherited)",
				);
				GCC_WARN_64_TO_32_BIT_CONVERSION = YES;
				GCC_WARN_ABOUT_RETURN_TYPE = YES_ERROR;
				GCC_WARN_UNDECLARED_SELECTOR = YES;
				GCC_WARN_UNINITIALIZED_AUTOS = YES_AGGRESSIVE;
				GCC_WARN_UNUSED_FUNCTION = YES;
				GCC_WARN_UNUSED_VARIABLE = YES;
				IPHONEOS_DEPLOYMENT_TARGET = 14.4;
				MTL_ENABLE_DEBUG_INFO = INCLUDE_SOURCE;
				MTL_FAST_MATH = YES;
				ONLY_ACTIVE_ARCH = YES;
				SDKROOT = iphoneos;
				SWIFT_ACTIVE_COMPILATION_CONDITIONS = DEBUG;
				SWIFT_OPTIMIZATION_LEVEL = "-Onone";
			};
			name = Debug;
		};
		B1F366DB2607C0F300D3B660 /* Release */ = {
			isa = XCBuildConfiguration;
			buildSettings = {
				ALWAYS_SEARCH_USER_PATHS = NO;
				CLANG_ANALYZER_NONNULL = YES;
				CLANG_ANALYZER_NUMBER_OBJECT_CONVERSION = YES_AGGRESSIVE;
				CLANG_CXX_LANGUAGE_STANDARD = "gnu++14";
				CLANG_CXX_LIBRARY = "libc++";
				CLANG_ENABLE_MODULES = YES;
				CLANG_ENABLE_OBJC_ARC = YES;
				CLANG_ENABLE_OBJC_WEAK = YES;
				CLANG_WARN_BLOCK_CAPTURE_AUTORELEASING = YES;
				CLANG_WARN_BOOL_CONVERSION = YES;
				CLANG_WARN_COMMA = YES;
				CLANG_WARN_CONSTANT_CONVERSION = YES;
				CLANG_WARN_DEPRECATED_OBJC_IMPLEMENTATIONS = YES;
				CLANG_WARN_DIRECT_OBJC_ISA_USAGE = YES_ERROR;
				CLANG_WARN_DOCUMENTATION_COMMENTS = YES;
				CLANG_WARN_EMPTY_BODY = YES;
				CLANG_WARN_ENUM_CONVERSION = YES;
				CLANG_WARN_INFINITE_RECURSION = YES;
				CLANG_WARN_INT_CONVERSION = YES;
				CLANG_WARN_NON_LITERAL_NULL_CONVERSION = YES;
				CLANG_WARN_OBJC_IMPLICIT_RETAIN_SELF = YES;
				CLANG_WARN_OBJC_LITERAL_CONVERSION = YES;
				CLANG_WARN_OBJC_ROOT_CLASS = YES_ERROR;
				CLANG_WARN_QUOTED_INCLUDE_IN_FRAMEWORK_HEADER = YES;
				CLANG_WARN_RANGE_LOOP_ANALYSIS = YES;
				CLANG_WARN_STRICT_PROTOTYPES = YES;
				CLANG_WARN_SUSPICIOUS_MOVE = YES;
				CLANG_WARN_UNGUARDED_AVAILABILITY = YES_AGGRESSIVE;
				CLANG_WARN_UNREACHABLE_CODE = YES;
				CLANG_WARN__DUPLICATE_METHOD_MATCH = YES;
				COPY_PHASE_STRIP = NO;
				DEBUG_INFORMATION_FORMAT = "dwarf-with-dsym";
				ENABLE_NS_ASSERTIONS = NO;
				ENABLE_STRICT_OBJC_MSGSEND = YES;
				GCC_C_LANGUAGE_STANDARD = gnu11;
				GCC_NO_COMMON_BLOCKS = YES;
				GCC_WARN_64_TO_32_BIT_CONVERSION = YES;
				GCC_WARN_ABOUT_RETURN_TYPE = YES_ERROR;
				GCC_WARN_UNDECLARED_SELECTOR = YES;
				GCC_WARN_UNINITIALIZED_AUTOS = YES_AGGRESSIVE;
				GCC_WARN_UNUSED_FUNCTION = YES;
				GCC_WARN_UNUSED_VARIABLE = YES;
				IPHONEOS_DEPLOYMENT_TARGET = 14.4;
				MTL_ENABLE_DEBUG_INFO = NO;
				MTL_FAST_MATH = YES;
				SDKROOT = iphoneos;
				SWIFT_COMPILATION_MODE = wholemodule;
				SWIFT_OPTIMIZATION_LEVEL = "-O";
				VALIDATE_PRODUCT = YES;
			};
			name = Release;
		};
		B1F366DD2607C0F300D3B660 /* Debug */ = {
			isa = XCBuildConfiguration;
			buildSettings = {
				ASSETCATALOG_COMPILER_APPICON_NAME = AppIcon;
				ASSETCATALOG_COMPILER_GLOBAL_ACCENT_COLOR_NAME = AccentColor;
				CODE_SIGN_STYLE = Automatic;
				DEVELOPMENT_ASSET_PATHS = "\"Scrumdinger/Preview Content\"";
				DEVELOPMENT_TEAM = KWEMDK92F4;
				ENABLE_PREVIEWS = YES;
				INFOPLIST_FILE = Scrumdinger/Application/Info.plist;
				IPHONEOS_DEPLOYMENT_TARGET = 14.0;
				LD_RUNPATH_SEARCH_PATHS = (
					"$(inherited)",
					"@executable_path/Frameworks",
				);
				PRODUCT_BUNDLE_IDENTIFIER = com.rm.Scrumdinger;
				PRODUCT_NAME = "$(TARGET_NAME)";
				SWIFT_VERSION = 5.0;
				TARGETED_DEVICE_FAMILY = "1,2";
			};
			name = Debug;
		};
		B1F366DE2607C0F300D3B660 /* Release */ = {
			isa = XCBuildConfiguration;
			buildSettings = {
				ASSETCATALOG_COMPILER_APPICON_NAME = AppIcon;
				ASSETCATALOG_COMPILER_GLOBAL_ACCENT_COLOR_NAME = AccentColor;
				CODE_SIGN_STYLE = Automatic;
				DEVELOPMENT_ASSET_PATHS = "\"Scrumdinger/Preview Content\"";
				DEVELOPMENT_TEAM = KWEMDK92F4;
				ENABLE_PREVIEWS = YES;
				INFOPLIST_FILE = Scrumdinger/Application/Info.plist;
				IPHONEOS_DEPLOYMENT_TARGET = 14.0;
				LD_RUNPATH_SEARCH_PATHS = (
					"$(inherited)",
					"@executable_path/Frameworks",
				);
				PRODUCT_BUNDLE_IDENTIFIER = com.rm.Scrumdinger;
				PRODUCT_NAME = "$(TARGET_NAME)";
				SWIFT_VERSION = 5.0;
				TARGETED_DEVICE_FAMILY = "1,2";
			};
			name = Release;
		};
		B1F366E02607C0F300D3B660 /* Debug */ = {
			isa = XCBuildConfiguration;
			buildSettings = {
				ALWAYS_EMBED_SWIFT_STANDARD_LIBRARIES = YES;
				BUNDLE_LOADER = "$(TEST_HOST)";
				CODE_SIGN_STYLE = Automatic;
				DEVELOPMENT_TEAM = KWEMDK92F4;
				INFOPLIST_FILE = ScrumdingerTests/Info.plist;
				IPHONEOS_DEPLOYMENT_TARGET = 14.0;
				LD_RUNPATH_SEARCH_PATHS = (
					"$(inherited)",
					"@executable_path/Frameworks",
					"@loader_path/Frameworks",
				);
				PRODUCT_BUNDLE_IDENTIFIER = com.rm.ScrumdingerTests;
				PRODUCT_NAME = "$(TARGET_NAME)";
				SWIFT_VERSION = 5.0;
				TARGETED_DEVICE_FAMILY = "1,2";
				TEST_HOST = "$(BUILT_PRODUCTS_DIR)/Scrumdinger.app/Scrumdinger";
			};
			name = Debug;
		};
		B1F366E12607C0F300D3B660 /* Release */ = {
			isa = XCBuildConfiguration;
			buildSettings = {
				ALWAYS_EMBED_SWIFT_STANDARD_LIBRARIES = YES;
				BUNDLE_LOADER = "$(TEST_HOST)";
				CODE_SIGN_STYLE = Automatic;
				DEVELOPMENT_TEAM = KWEMDK92F4;
				INFOPLIST_FILE = ScrumdingerTests/Info.plist;
				IPHONEOS_DEPLOYMENT_TARGET = 14.0;
				LD_RUNPATH_SEARCH_PATHS = (
					"$(inherited)",
					"@executable_path/Frameworks",
					"@loader_path/Frameworks",
				);
				PRODUCT_BUNDLE_IDENTIFIER = com.rm.ScrumdingerTests;
				PRODUCT_NAME = "$(TARGET_NAME)";
				SWIFT_VERSION = 5.0;
				TARGETED_DEVICE_FAMILY = "1,2";
				TEST_HOST = "$(BUILT_PRODUCTS_DIR)/Scrumdinger.app/Scrumdinger";
			};
			name = Release;
		};
		B1F366E32607C0F300D3B660 /* Debug */ = {
			isa = XCBuildConfiguration;
			buildSettings = {
				ALWAYS_EMBED_SWIFT_STANDARD_LIBRARIES = YES;
				CODE_SIGN_STYLE = Automatic;
				DEVELOPMENT_TEAM = KWEMDK92F4;
				INFOPLIST_FILE = ScrumdingerUITests/Info.plist;
				LD_RUNPATH_SEARCH_PATHS = (
					"$(inherited)",
					"@executable_path/Frameworks",
					"@loader_path/Frameworks",
				);
				PRODUCT_BUNDLE_IDENTIFIER = com.rm.ScrumdingerUITests;
				PRODUCT_NAME = "$(TARGET_NAME)";
				SWIFT_VERSION = 5.0;
				TARGETED_DEVICE_FAMILY = "1,2";
				TEST_TARGET_NAME = Scrumdinger;
			};
			name = Debug;
		};
		B1F366E42607C0F300D3B660 /* Release */ = {
			isa = XCBuildConfiguration;
			buildSettings = {
				ALWAYS_EMBED_SWIFT_STANDARD_LIBRARIES = YES;
				CODE_SIGN_STYLE = Automatic;
				DEVELOPMENT_TEAM = KWEMDK92F4;
				INFOPLIST_FILE = ScrumdingerUITests/Info.plist;
				LD_RUNPATH_SEARCH_PATHS = (
					"$(inherited)",
					"@executable_path/Frameworks",
					"@loader_path/Frameworks",
				);
				PRODUCT_BUNDLE_IDENTIFIER = com.rm.ScrumdingerUITests;
				PRODUCT_NAME = "$(TARGET_NAME)";
				SWIFT_VERSION = 5.0;
				TARGETED_DEVICE_FAMILY = "1,2";
				TEST_TARGET_NAME = Scrumdinger;
			};
			name = Release;
		};
/* End XCBuildConfiguration section */

/* Begin XCConfigurationList section */
		B1F366B22607C0F200D3B660 /* Build configuration list for PBXProject "Scrumdinger" */ = {
			isa = XCConfigurationList;
			buildConfigurations = (
				B1F366DA2607C0F300D3B660 /* Debug */,
				B1F366DB2607C0F300D3B660 /* Release */,
			);
			defaultConfigurationIsVisible = 0;
			defaultConfigurationName = Release;
		};
		B1F366DC2607C0F300D3B660 /* Build configuration list for PBXNativeTarget "Scrumdinger" */ = {
			isa = XCConfigurationList;
			buildConfigurations = (
				B1F366DD2607C0F300D3B660 /* Debug */,
				B1F366DE2607C0F300D3B660 /* Release */,
			);
			defaultConfigurationIsVisible = 0;
			defaultConfigurationName = Release;
		};
		B1F366DF2607C0F300D3B660 /* Build configuration list for PBXNativeTarget "ScrumdingerTests" */ = {
			isa = XCConfigurationList;
			buildConfigurations = (
				B1F366E02607C0F300D3B660 /* Debug */,
				B1F366E12607C0F300D3B660 /* Release */,
			);
			defaultConfigurationIsVisible = 0;
			defaultConfigurationName = Release;
		};
		B1F366E22607C0F300D3B660 /* Build configuration list for PBXNativeTarget "ScrumdingerUITests" */ = {
			isa = XCConfigurationList;
			buildConfigurations = (
				B1F366E32607C0F300D3B660 /* Debug */,
				B1F366E42607C0F300D3B660 /* Release */,
			);
			defaultConfigurationIsVisible = 0;
			defaultConfigurationName = Release;
		};
/* End XCConfigurationList section */
	};
	rootObject = B1F366AF2607C0F200D3B660 /* Project object */;
}
